
Microsoft Visual Studio Solution File, Format Version 12.00
# Visual Studio 15
VisualStudioVersion = 15.0.27703.2047
MinimumVisualStudioVersion = 10.0.40219.1
Project("{FAE04EC0-301F-11D3-BF4B-00C04F79EFBC}") = "AdvancedDataGridView", "AdvancedDataGridView\AdvancedDataGridView.csproj", "{6EBA0A55-B390-4479-A564-58D46094998D}"
EndProject
Project("{FAE04EC0-301F-11D3-BF4B-00C04F79EFBC}") = "AdvancedDataGridViewDataModel", "AdvancedDataGridViewDataModel\AdvancedDataGridViewDataModel.csproj", "{D3470E8E-8D2E-473D-976E-74CF5D5D350E}"
EndProject
Global
	GlobalSection(SolutionConfigurationPlatforms) = preSolution
		Debug|Any CPU = Debug|Any CPU
		Release|Any CPU = Release|Any CPU
	EndGlobalSection
	GlobalSection(ProjectConfigurationPlatforms) = postSolution
		{6EBA0A55-B390-4479-A564-58D46094998D}.Debug|Any CPU.ActiveCfg = Debug|Any CPU
		{6EBA0A55-B390-4479-A564-58D46094998D}.Debug|Any CPU.Build.0 = Debug|Any CPU
		{6EBA0A55-B390-4479-A564-58D46094998D}.Release|Any CPU.ActiveCfg = Release|Any CPU
		{6EBA0A55-B390-4479-A564-58D46094998D}.Release|Any CPU.Build.0 = Release|Any CPU
		{D3470E8E-8D2E-473D-976E-74CF5D5D350E}.Debug|Any CPU.ActiveCfg = Debug|Any CPU
		{D3470E8E-8D2E-473D-976E-74CF5D5D350E}.Debug|Any CPU.Build.0 = Debug|Any CPU
		{D3470E8E-8D2E-473D-976E-74CF5D5D350E}.Release|Any CPU.ActiveCfg = Release|Any CPU
		{D3470E8E-8D2E-473D-976E-74CF5D5D350E}.Release|Any CPU.Build.0 = Release|Any CPU
	EndGlobalSection
	GlobalSection(SolutionProperties) = preSolution
		HideSolutionNode = FALSE
	EndGlobalSection
	GlobalSection(ExtensibilityGlobals) = postSolution
		SolutionGuid = {E153CAE3-D51C-4600-A760-D8F5F8849874}
	EndGlobalSection
EndGlobal
